
Microsoft Visual Studio Solution File, Format Version 12.00
# Visual Studio Version 17
VisualStudioVersion = 17.8.34408.163
MinimumVisualStudioVersion = 10.0.40219.1
Project("{9A19103F-16F7-4668-BE54-9A1E7A4F7556}") = "CleanDomainValidation", "CleanDomainValidation\CleanDomainValidation.csproj", "{2C0CA58D-FEF6-4D85-98B1-96C1F0205D22}"
EndProject
Project("{9A19103F-16F7-4668-BE54-9A1E7A4F7556}") = "Tests", "Tests\Tests.csproj", "{6B10A979-7447-4D71-BEA4-D53FA037C69C}"
EndProject
Project("{FAE04EC0-301F-11D3-BF4B-00C04F79EFBC}") = "Playground", "Playground\Playground.csproj", "{1F4ED08D-3799-4A66-9ACB-CCC393933350}"
EndProject
Global
	GlobalSection(SolutionConfigurationPlatforms) = preSolution
		Debug|Any CPU = Debug|Any CPU
		Release|Any CPU = Release|Any CPU
	EndGlobalSection
	GlobalSection(ProjectConfigurationPlatforms) = postSolution
		{2C0CA58D-FEF6-4D85-98B1-96C1F0205D22}.Debug|Any CPU.ActiveCfg = Debug|Any CPU
		{2C0CA58D-FEF6-4D85-98B1-96C1F0205D22}.Debug|Any CPU.Build.0 = Debug|Any CPU
		{2C0CA58D-FEF6-4D85-98B1-96C1F0205D22}.Release|Any CPU.ActiveCfg = Release|Any CPU
		{2C0CA58D-FEF6-4D85-98B1-96C1F0205D22}.Release|Any CPU.Build.0 = Release|Any CPU
		{6B10A979-7447-4D71-BEA4-D53FA037C69C}.Debug|Any CPU.ActiveCfg = Debug|Any CPU
		{6B10A979-7447-4D71-BEA4-D53FA037C69C}.Debug|Any CPU.Build.0 = Debug|Any CPU
		{6B10A979-7447-4D71-BEA4-D53FA037C69C}.Release|Any CPU.ActiveCfg = Release|Any CPU
		{6B10A979-7447-4D71-BEA4-D53FA037C69C}.Release|Any CPU.Build.0 = Release|Any CPU
		{1F4ED08D-3799-4A66-9ACB-CCC393933350}.Debug|Any CPU.ActiveCfg = Debug|Any CPU
		{1F4ED08D-3799-4A66-9ACB-CCC393933350}.Debug|Any CPU.Build.0 = Debug|Any CPU
		{1F4ED08D-3799-4A66-9ACB-CCC393933350}.Release|Any CPU.ActiveCfg = Release|Any CPU
		{1F4ED08D-3799-4A66-9ACB-CCC393933350}.Release|Any CPU.Build.0 = Release|Any CPU
	EndGlobalSection
	GlobalSection(SolutionProperties) = preSolution
		HideSolutionNode = FALSE
	EndGlobalSection
	GlobalSection(ExtensibilityGlobals) = postSolution
		SolutionGuid = {E45A7B0C-148D-4FEC-A9F1-ADEDBFCF55D6}
	EndGlobalSection
EndGlobal
